<?xml version="1.0" encoding="utf-8"?>
<Project ToolsVersion="4.0" xmlns="http://schemas.microsoft.com/developer/msbuild/2003">
  <ItemGroup>
    <ClInclude Include="..\External\Box2D\src\dynamics\b2_chain_circle_contact.h">
      <Filter>Dynamics</Filter>
    </ClInclude>
    <ClInclude Include="..\External\Box2D\src\dynamics\b2_chain_polygon_contact.h">
      <Filter>Dynamics</Filter>
    </ClInclude>
    <ClInclude Include="..\External\Box2D\src\dynamics\b2_circle_contact.h">
      <Filter>Dynamics</Filter>
    </ClInclude>
    <ClInclude Include="..\External\Box2D\src\dynamics\b2_contact_solver.h">
      <Filter>Dynamics</Filter>
    </ClInclude>
    <ClInclude Include="..\External\Box2D\src\dynamics\b2_edge_circle_contact.h">
      <Filter>Dynamics</Filter>
    </ClInclude>
    <ClInclude Include="..\External\Box2D\src\dynamics\b2_edge_polygon_contact.h">
      <Filter>Dynamics</Filter>
    </ClInclude>
    <ClInclude Include="..\External\Box2D\src\dynamics\b2_island.h">
      <Filter>Dynamics</Filter>
    </ClInclude>
    <ClInclude Include="..\External\Box2D\src\dynamics\b2_polygon_circle_contact.h">
      <Filter>Dynamics</Filter>
    </ClInclude>
    <ClInclude Include="..\External\Box2D\src\dynamics\b2_polygon_contact.h">
      <Filter>Dynamics</Filter>
    </ClInclude>
  </ItemGroup>
  <ItemGroup>
    <Filter Include="Collision">
      <UniqueIdentifier>{d2590346-8abb-467e-bccf-b9eb83ad53e5}</UniqueIdentifier>
    </Filter>
    <Filter Include="Common">
      <UniqueIdentifier>{2332d267-df6b-4787-98db-3d165ac27d6b}</UniqueIdentifier>
    </Filter>
    <Filter Include="Dynamics">
      <UniqueIdentifier>{30cb09c5-3ee3-44bb-b35c-65937cb43348}</UniqueIdentifier>
    </Filter>
    <Filter Include="Rope">
      <UniqueIdentifier>{981689ad-162c-4ca8-afad-d32a1b7cf72c}</UniqueIdentifier>
    </Filter>
  </ItemGroup>
  <ItemGroup>
    <ClCompile Include="..\External\Box2D\src\dynamics\b2_body.cpp">
      <Filter>Dynamics</Filter>
    </ClCompile>
    <ClCompile Include="..\External\Box2D\src\dynamics\b2_chain_circle_contact.cpp">
      <Filter>Dynamics</Filter>
    </ClCompile>
    <ClCompile Include="..\External\Box2D\src\dynamics\b2_chain_polygon_contact.cpp">
      <Filter>Dynamics</Filter>
    </ClCompile>
    <ClCompile Include="..\External\Box2D\src\dynamics\b2_circle_contact.cpp">
      <Filter>Dynamics</Filter>
    </ClCompile>
    <ClCompile Include="..\External\Box2D\src\dynamics\b2_contact.cpp">
      <Filter>Dynamics</Filter>
    </ClCompile>
    <ClCompile Include="..\External\Box2D\src\dynamics\b2_contact_manager.cpp">
      <Filter>Dynamics</Filter>
    </ClCompile>
    <ClCompile Include="..\External\Box2D\src\dynamics\b2_contact_solver.cpp">
      <Filter>Dynamics</Filter>
    </ClCompile>
    <ClCompile Include="..\External\Box2D\src\dynamics\b2_distance_joint.cpp">
      <Filter>Dynamics</Filter>
    </ClCompile>
    <ClCompile Include="..\External\Box2D\src\dynamics\b2_edge_circle_contact.cpp">
      <Filter>Dynamics</Filter>
    </ClCompile>
    <ClCompile Include="..\External\Box2D\src\dynamics\b2_edge_polygon_contact.cpp">
      <Filter>Dynamics</Filter>
    </ClCompile>
    <ClCompile Include="..\External\Box2D\src\dynamics\b2_fixture.cpp">
      <Filter>Dynamics</Filter>
    </ClCompile>
    <ClCompile Include="..\External\Box2D\src\dynamics\b2_friction_joint.cpp">
      <Filter>Dynamics</Filter>
    </ClCompile>
    <ClCompile Include="..\External\Box2D\src\dynamics\b2_gear_joint.cpp">
      <Filter>Dynamics</Filter>
    </ClCompile>
    <ClCompile Include="..\External\Box2D\src\dynamics\b2_island.cpp">
      <Filter>Dynamics</Filter>
    </ClCompile>
    <ClCompile Include="..\External\Box2D\src\dynamics\b2_joint.cpp">
      <Filter>Dynamics</Filter>
    </ClCompile>
    <ClCompile Include="..\External\Box2D\src\dynamics\b2_motor_joint.cpp">
      <Filter>Dynamics</Filter>
    </ClCompile>
    <ClCompile Include="..\External\Box2D\src\dynamics\b2_mouse_joint.cpp">
      <Filter>Dynamics</Filter>
    </ClCompile>
    <ClCompile Include="..\External\Box2D\src\dynamics\b2_polygon_circle_contact.cpp">
      <Filter>Dynamics</Filter>
    </ClCompile>
    <ClCompile Include="..\External\Box2D\src\dynamics\b2_polygon_contact.cpp">
      <Filter>Dynamics</Filter>
    </ClCompile>
    <ClCompile Include="..\External\Box2D\src\dynamics\b2_prismatic_joint.cpp">
      <Filter>Dynamics</Filter>
    </ClCompile>
    <ClCompile Include="..\External\Box2D\src\dynamics\b2_pulley_joint.cpp">
      <Filter>Dynamics</Filter>
    </ClCompile>
    <ClCompile Include="..\External\Box2D\src\dynamics\b2_revolute_joint.cpp">
      <Filter>Dynamics</Filter>
    </ClCompile>
    <ClCompile Include="..\External\Box2D\src\dynamics\b2_weld_joint.cpp">
      <Filter>Dynamics</Filter>
    </ClCompile>
    <ClCompile Include="..\External\Box2D\src\dynamics\b2_wheel_joint.cpp">
      <Filter>Dynamics</Filter>
    </ClCompile>
    <ClCompile Include="..\External\Box2D\src\dynamics\b2_world.cpp">
      <Filter>Dynamics</Filter>
    </ClCompile>
    <ClCompile Include="..\External\Box2D\src\dynamics\b2_world_callbacks.cpp">
      <Filter>Dynamics</Filter>
    </ClCompile>
    <ClCompile Include="..\External\Box2D\src\common\b2_timer.cpp">
      <Filter>Common</Filter>
    </ClCompile>
    <ClCompile Include="..\External\Box2D\src\common\b2_block_allocator.cpp">
      <Filter>Common</Filter>
    </ClCompile>
    <ClCompile Include="..\External\Box2D\src\common\b2_draw.cpp">
      <Filter>Common</Filter>
    </ClCompile>
    <ClCompile Include="..\External\Box2D\src\common\b2_math.cpp">
      <Filter>Common</Filter>
    </ClCompile>
    <ClCompile Include="..\External\Box2D\src\common\b2_settings.cpp">
      <Filter>Common</Filter>
    </ClCompile>
    <ClCompile Include="..\External\Box2D\src\common\b2_stack_allocator.cpp">
      <Filter>Common</Filter>
    </ClCompile>
    <ClCompile Include="..\External\Box2D\src\rope\b2_rope.cpp">
      <Filter>Rope</Filter>
    </ClCompile>
    <ClCompile Include="..\External\Box2D\src\collision\b2_broad_phase.cpp">
      <Filter>Collision</Filter>
    </ClCompile>
    <ClCompile Include="..\External\Box2D\src\collision\b2_chain_shape.cpp">
      <Filter>Collision</Filter>
    </ClCompile>
    <ClCompile Include="..\External\Box2D\src\collision\b2_circle_shape.cpp">
      <Filter>Collision</Filter>
    </ClCompile>
    <ClCompile Include="..\External\Box2D\src\collision\b2_collide_circle.cpp">
      <Filter>Collision</Filter>
    </ClCompile>
    <ClCompile Include="..\External\Box2D\src\collision\b2_collide_edge.cpp">
      <Filter>Collision</Filter>
    </ClCompile>
    <ClCompile Include="..\External\Box2D\src\collision\b2_collide_polygon.cpp">
      <Filter>Collision</Filter>
    </ClCompile>
    <ClCompile Include="..\External\Box2D\src\collision\b2_collision.cpp">
      <Filter>Collision</Filter>
    </ClCompile>
    <ClCompile Include="..\External\Box2D\src\collision\b2_distance.cpp">
      <Filter>Collision</Filter>
    </ClCompile>
    <ClCompile Include="..\External\Box2D\src\collision\b2_dynamic_tree.cpp">
      <Filter>Collision</Filter>
    </ClCompile>
    <ClCompile Include="..\External\Box2D\src\collision\b2_edge_shape.cpp">
      <Filter>Collision</Filter>
    </ClCompile>
    <ClCompile Include="..\External\Box2D\src\collision\b2_polygon_shape.cpp">
      <Filter>Collision</Filter>
    </ClCompile>
    <ClCompile Include="..\External\Box2D\src\collision\b2_time_of_impact.cpp">
      <Filter>Collision</Filter>
    </ClCompile>
  </ItemGroup>
</Project>