
Microsoft Visual Studio Solution File, Format Version 12.00
# Visual Studio Version 17
VisualStudioVersion = 17.9.34622.214
MinimumVisualStudioVersion = 10.0.40219.1
Project("{8BC9CEB8-8B4A-11D0-8D11-00A0C91BC942}") = "Fronge", "Fronge\Fronge.vcxproj", "{3BA4C87B-1A66-4A94-8C1B-C970E7F5F882}"
EndProject
Project("{8BC9CEB8-8B4A-11D0-8D11-00A0C91BC942}") = "DigDug", "DigDug\DigDug.vcxproj", "{546DC7CF-B98F-4812-B004-5A9A7CD1B4A3}"
	ProjectSection(ProjectDependencies) = postProject
		{3BA4C87B-1A66-4A94-8C1B-C970E7F5F882} = {3BA4C87B-1A66-4A94-8C1B-C970E7F5F882}
	EndProjectSection
EndProject
Global
	GlobalSection(SolutionConfigurationPlatforms) = preSolution
		Debug|Win32 = Debug|Win32
		Debug|x64 = Debug|x64
		Release|Win32 = Release|Win32
		Release|x64 = Release|x64
	EndGlobalSection
	GlobalSection(ProjectConfigurationPlatforms) = postSolution
		{3BA4C87B-1A66-4A94-8C1B-C970E7F5F882}.Debug|Win32.ActiveCfg = Debug|Win32
		{3BA4C87B-1A66-4A94-8C1B-C970E7F5F882}.Debug|Win32.Build.0 = Debug|Win32
		{3BA4C87B-1A66-4A94-8C1B-C970E7F5F882}.Debug|x64.ActiveCfg = Debug|x64
		{3BA4C87B-1A66-4A94-8C1B-C970E7F5F882}.Debug|x64.Build.0 = Debug|x64
		{3BA4C87B-1A66-4A94-8C1B-C970E7F5F882}.Release|Win32.ActiveCfg = Release|Win32
		{3BA4C87B-1A66-4A94-8C1B-C970E7F5F882}.Release|Win32.Build.0 = Release|Win32
		{3BA4C87B-1A66-4A94-8C1B-C970E7F5F882}.Release|x64.ActiveCfg = Release|x64
		{3BA4C87B-1A66-4A94-8C1B-C970E7F5F882}.Release|x64.Build.0 = Release|x64
		{546DC7CF-B98F-4812-B004-5A9A7CD1B4A3}.Debug|Win32.ActiveCfg = Debug|Win32
		{546DC7CF-B98F-4812-B004-5A9A7CD1B4A3}.Debug|Win32.Build.0 = Debug|Win32
		{546DC7CF-B98F-4812-B004-5A9A7CD1B4A3}.Debug|x64.ActiveCfg = Debug|x64
		{546DC7CF-B98F-4812-B004-5A9A7CD1B4A3}.Debug|x64.Build.0 = Debug|x64
		{546DC7CF-B98F-4812-B004-5A9A7CD1B4A3}.Release|Win32.ActiveCfg = Release|Win32
		{546DC7CF-B98F-4812-B004-5A9A7CD1B4A3}.Release|Win32.Build.0 = Release|Win32
		{546DC7CF-B98F-4812-B004-5A9A7CD1B4A3}.Release|x64.ActiveCfg = Release|x64
		{546DC7CF-B98F-4812-B004-5A9A7CD1B4A3}.Release|x64.Build.0 = Release|x64
	EndGlobalSection
	GlobalSection(SolutionProperties) = preSolution
		HideSolutionNode = FALSE
	EndGlobalSection
	GlobalSection(ExtensibilityGlobals) = postSolution
		SolutionGuid = {E4A3103C-D4D2-4E21-9F8E-C422992EC4B0}
	EndGlobalSection
EndGlobal
