
Microsoft Visual Studio Solution File, Format Version 12.00
# Visual Studio Version 17
VisualStudioVersion = 17.9.34622.214
MinimumVisualStudioVersion = 10.0.40219.1
Project("{8BC9CEB8-8B4A-11D0-8D11-00A0C91BC942}") = "Fronge", "Engine\Fronge\Fronge.vcxproj", "{3BA4C87B-1A66-4A94-8C1B-C970E7F5F882}"
EndProject
Project("{8BC9CEB8-8B4A-11D0-8D11-00A0C91BC942}") = "Box2D", "Engine\Box2D\Box2D.vcxproj", "{1F5F2A4A-2E46-4BED-AD7E-FCF31BA9838B}"
EndProject
Project("{8BC9CEB8-8B4A-11D0-8D11-00A0C91BC942}") = "ImGui", "Engine\ImGui\ImGui.vcxproj", "{D4C23A46-4BC8-435D-A7EE-11FB3CC6D26C}"
EndProject
Project("{8BC9CEB8-8B4A-11D0-8D11-00A0C91BC942}") = "ImPlot", "Engine\ImPlot\ImPlot.vcxproj", "{97E1A6D3-7709-4A1F-81C8-14D77975EF83}"
EndProject
Project("{2150E333-8FDC-42A3-9474-1A3956D46DE8}") = "Engine", "Engine", "{362C568B-1004-419C-84C2-A8970B6E3268}"
EndProject
Project("{8BC9CEB8-8B4A-11D0-8D11-00A0C91BC942}") = "DigDug", "Projects\DigDug\DigDug.vcxproj", "{BC942F66-A8ED-4BEC-BF23-020B22F16E9F}"
	ProjectSection(ProjectDependencies) = postProject
		{1F5F2A4A-2E46-4BED-AD7E-FCF31BA9838B} = {1F5F2A4A-2E46-4BED-AD7E-FCF31BA9838B}
		{3BA4C87B-1A66-4A94-8C1B-C970E7F5F882} = {3BA4C87B-1A66-4A94-8C1B-C970E7F5F882}
		{97E1A6D3-7709-4A1F-81C8-14D77975EF83} = {97E1A6D3-7709-4A1F-81C8-14D77975EF83}
		{D4C23A46-4BC8-435D-A7EE-11FB3CC6D26C} = {D4C23A46-4BC8-435D-A7EE-11FB3CC6D26C}
	EndProjectSection
EndProject
Project("{8BC9CEB8-8B4A-11D0-8D11-00A0C91BC942}") = "Spiral", "Projects\Spiral\Spiral.vcxproj", "{E2244A2C-E1B3-4A43-8756-246E7C22B217}"
	ProjectSection(ProjectDependencies) = postProject
		{1F5F2A4A-2E46-4BED-AD7E-FCF31BA9838B} = {1F5F2A4A-2E46-4BED-AD7E-FCF31BA9838B}
		{3BA4C87B-1A66-4A94-8C1B-C970E7F5F882} = {3BA4C87B-1A66-4A94-8C1B-C970E7F5F882}
		{97E1A6D3-7709-4A1F-81C8-14D77975EF83} = {97E1A6D3-7709-4A1F-81C8-14D77975EF83}
		{D4C23A46-4BC8-435D-A7EE-11FB3CC6D26C} = {D4C23A46-4BC8-435D-A7EE-11FB3CC6D26C}
	EndProjectSection
EndProject
Global
	GlobalSection(SolutionConfigurationPlatforms) = preSolution
		Debug|x64 = Debug|x64
		Debug|x86 = Debug|x86
		Release|x64 = Release|x64
		Release|x86 = Release|x86
	EndGlobalSection
	GlobalSection(ProjectConfigurationPlatforms) = postSolution
		{3BA4C87B-1A66-4A94-8C1B-C970E7F5F882}.Debug|x64.ActiveCfg = Debug|x64
		{3BA4C87B-1A66-4A94-8C1B-C970E7F5F882}.Debug|x64.Build.0 = Debug|x64
		{3BA4C87B-1A66-4A94-8C1B-C970E7F5F882}.Debug|x86.ActiveCfg = Debug|Win32
		{3BA4C87B-1A66-4A94-8C1B-C970E7F5F882}.Debug|x86.Build.0 = Debug|Win32
		{3BA4C87B-1A66-4A94-8C1B-C970E7F5F882}.Release|x64.ActiveCfg = Release|x64
		{3BA4C87B-1A66-4A94-8C1B-C970E7F5F882}.Release|x64.Build.0 = Release|x64
		{3BA4C87B-1A66-4A94-8C1B-C970E7F5F882}.Release|x86.ActiveCfg = Release|Win32
		{3BA4C87B-1A66-4A94-8C1B-C970E7F5F882}.Release|x86.Build.0 = Release|Win32
		{1F5F2A4A-2E46-4BED-AD7E-FCF31BA9838B}.Debug|x64.ActiveCfg = Debug|x64
		{1F5F2A4A-2E46-4BED-AD7E-FCF31BA9838B}.Debug|x64.Build.0 = Debug|x64
		{1F5F2A4A-2E46-4BED-AD7E-FCF31BA9838B}.Debug|x86.ActiveCfg = Debug|Win32
		{1F5F2A4A-2E46-4BED-AD7E-FCF31BA9838B}.Debug|x86.Build.0 = Debug|Win32
		{1F5F2A4A-2E46-4BED-AD7E-FCF31BA9838B}.Release|x64.ActiveCfg = Release|x64
		{1F5F2A4A-2E46-4BED-AD7E-FCF31BA9838B}.Release|x64.Build.0 = Release|x64
		{1F5F2A4A-2E46-4BED-AD7E-FCF31BA9838B}.Release|x86.ActiveCfg = Release|Win32
		{1F5F2A4A-2E46-4BED-AD7E-FCF31BA9838B}.Release|x86.Build.0 = Release|Win32
		{D4C23A46-4BC8-435D-A7EE-11FB3CC6D26C}.Debug|x64.ActiveCfg = Debug|x64
		{D4C23A46-4BC8-435D-A7EE-11FB3CC6D26C}.Debug|x64.Build.0 = Debug|x64
		{D4C23A46-4BC8-435D-A7EE-11FB3CC6D26C}.Debug|x86.ActiveCfg = Debug|Win32
		{D4C23A46-4BC8-435D-A7EE-11FB3CC6D26C}.Debug|x86.Build.0 = Debug|Win32
		{D4C23A46-4BC8-435D-A7EE-11FB3CC6D26C}.Release|x64.ActiveCfg = Release|x64
		{D4C23A46-4BC8-435D-A7EE-11FB3CC6D26C}.Release|x64.Build.0 = Release|x64
		{D4C23A46-4BC8-435D-A7EE-11FB3CC6D26C}.Release|x86.ActiveCfg = Release|Win32
		{D4C23A46-4BC8-435D-A7EE-11FB3CC6D26C}.Release|x86.Build.0 = Release|Win32
		{97E1A6D3-7709-4A1F-81C8-14D77975EF83}.Debug|x64.ActiveCfg = Debug|x64
		{97E1A6D3-7709-4A1F-81C8-14D77975EF83}.Debug|x64.Build.0 = Debug|x64
		{97E1A6D3-7709-4A1F-81C8-14D77975EF83}.Debug|x86.ActiveCfg = Debug|Win32
		{97E1A6D3-7709-4A1F-81C8-14D77975EF83}.Debug|x86.Build.0 = Debug|Win32
		{97E1A6D3-7709-4A1F-81C8-14D77975EF83}.Release|x64.ActiveCfg = Release|x64
		{97E1A6D3-7709-4A1F-81C8-14D77975EF83}.Release|x64.Build.0 = Release|x64
		{97E1A6D3-7709-4A1F-81C8-14D77975EF83}.Release|x86.ActiveCfg = Release|Win32
		{97E1A6D3-7709-4A1F-81C8-14D77975EF83}.Release|x86.Build.0 = Release|Win32
		{BC942F66-A8ED-4BEC-BF23-020B22F16E9F}.Debug|x64.ActiveCfg = Debug|x64
		{BC942F66-A8ED-4BEC-BF23-020B22F16E9F}.Debug|x64.Build.0 = Debug|x64
		{BC942F66-A8ED-4BEC-BF23-020B22F16E9F}.Debug|x86.ActiveCfg = Debug|Win32
		{BC942F66-A8ED-4BEC-BF23-020B22F16E9F}.Debug|x86.Build.0 = Debug|Win32
		{BC942F66-A8ED-4BEC-BF23-020B22F16E9F}.Release|x64.ActiveCfg = Release|x64
		{BC942F66-A8ED-4BEC-BF23-020B22F16E9F}.Release|x64.Build.0 = Release|x64
		{BC942F66-A8ED-4BEC-BF23-020B22F16E9F}.Release|x86.ActiveCfg = Release|Win32
		{BC942F66-A8ED-4BEC-BF23-020B22F16E9F}.Release|x86.Build.0 = Release|Win32
		{E2244A2C-E1B3-4A43-8756-246E7C22B217}.Debug|x64.ActiveCfg = Debug|x64
		{E2244A2C-E1B3-4A43-8756-246E7C22B217}.Debug|x64.Build.0 = Debug|x64
		{E2244A2C-E1B3-4A43-8756-246E7C22B217}.Debug|x86.ActiveCfg = Debug|Win32
		{E2244A2C-E1B3-4A43-8756-246E7C22B217}.Debug|x86.Build.0 = Debug|Win32
		{E2244A2C-E1B3-4A43-8756-246E7C22B217}.Release|x64.ActiveCfg = Release|x64
		{E2244A2C-E1B3-4A43-8756-246E7C22B217}.Release|x64.Build.0 = Release|x64
		{E2244A2C-E1B3-4A43-8756-246E7C22B217}.Release|x86.ActiveCfg = Release|Win32
		{E2244A2C-E1B3-4A43-8756-246E7C22B217}.Release|x86.Build.0 = Release|Win32
	EndGlobalSection
	GlobalSection(SolutionProperties) = preSolution
		HideSolutionNode = FALSE
	EndGlobalSection
	GlobalSection(NestedProjects) = preSolution
		{3BA4C87B-1A66-4A94-8C1B-C970E7F5F882} = {362C568B-1004-419C-84C2-A8970B6E3268}
		{1F5F2A4A-2E46-4BED-AD7E-FCF31BA9838B} = {362C568B-1004-419C-84C2-A8970B6E3268}
		{D4C23A46-4BC8-435D-A7EE-11FB3CC6D26C} = {362C568B-1004-419C-84C2-A8970B6E3268}
		{97E1A6D3-7709-4A1F-81C8-14D77975EF83} = {362C568B-1004-419C-84C2-A8970B6E3268}
	EndGlobalSection
	GlobalSection(ExtensibilityGlobals) = postSolution
		SolutionGuid = {E4A3103C-D4D2-4E21-9F8E-C422992EC4B0}
	EndGlobalSection
EndGlobal
