
Microsoft Visual Studio Solution File, Format Version 12.00
# Visual Studio Version 17
Project("{8BC9CEB8-8B4A-11D0-8D11-00A0C91BC942}") = "FrongeEditor", "FrongeEditor\FrongeEditor.vcxproj", "{2D34FC01-1997-8BA6-C21C-C45CAE5E5729}"
EndProject
Project("{8BC9CEB8-8B4A-11D0-8D11-00A0C91BC942}") = "Fronge", "Fronge\Fronge.vcxproj", "{E6C975B3-D26B-A089-BB26-B4DDA76727DA}"
EndProject
Global
	GlobalSection(SolutionConfigurationPlatforms) = preSolution
		Debug|Win32 = Debug|Win32
		Debug|x64 = Debug|x64
		Distribute|Win32 = Distribute|Win32
		Distribute|x64 = Distribute|x64
		Release|Win32 = Release|Win32
		Release|x64 = Release|x64
	EndGlobalSection
	GlobalSection(ProjectConfigurationPlatforms) = postSolution
		{2D34FC01-1997-8BA6-C21C-C45CAE5E5729}.Debug|Win32.ActiveCfg = Debug|Win32
		{2D34FC01-1997-8BA6-C21C-C45CAE5E5729}.Debug|Win32.Build.0 = Debug|Win32
		{2D34FC01-1997-8BA6-C21C-C45CAE5E5729}.Debug|x64.ActiveCfg = Debug|x64
		{2D34FC01-1997-8BA6-C21C-C45CAE5E5729}.Debug|x64.Build.0 = Debug|x64
		{2D34FC01-1997-8BA6-C21C-C45CAE5E5729}.Distribute|Win32.ActiveCfg = Distribute|Win32
		{2D34FC01-1997-8BA6-C21C-C45CAE5E5729}.Distribute|Win32.Build.0 = Distribute|Win32
		{2D34FC01-1997-8BA6-C21C-C45CAE5E5729}.Distribute|x64.ActiveCfg = Distribute|x64
		{2D34FC01-1997-8BA6-C21C-C45CAE5E5729}.Distribute|x64.Build.0 = Distribute|x64
		{2D34FC01-1997-8BA6-C21C-C45CAE5E5729}.Release|Win32.ActiveCfg = Release|Win32
		{2D34FC01-1997-8BA6-C21C-C45CAE5E5729}.Release|Win32.Build.0 = Release|Win32
		{2D34FC01-1997-8BA6-C21C-C45CAE5E5729}.Release|x64.ActiveCfg = Release|x64
		{2D34FC01-1997-8BA6-C21C-C45CAE5E5729}.Release|x64.Build.0 = Release|x64
		{E6C975B3-D26B-A089-BB26-B4DDA76727DA}.Debug|Win32.ActiveCfg = Debug|Win32
		{E6C975B3-D26B-A089-BB26-B4DDA76727DA}.Debug|Win32.Build.0 = Debug|Win32
		{E6C975B3-D26B-A089-BB26-B4DDA76727DA}.Debug|x64.ActiveCfg = Debug|x64
		{E6C975B3-D26B-A089-BB26-B4DDA76727DA}.Debug|x64.Build.0 = Debug|x64
		{E6C975B3-D26B-A089-BB26-B4DDA76727DA}.Distribute|Win32.ActiveCfg = Distribute|Win32
		{E6C975B3-D26B-A089-BB26-B4DDA76727DA}.Distribute|Win32.Build.0 = Distribute|Win32
		{E6C975B3-D26B-A089-BB26-B4DDA76727DA}.Distribute|x64.ActiveCfg = Distribute|x64
		{E6C975B3-D26B-A089-BB26-B4DDA76727DA}.Distribute|x64.Build.0 = Distribute|x64
		{E6C975B3-D26B-A089-BB26-B4DDA76727DA}.Release|Win32.ActiveCfg = Release|Win32
		{E6C975B3-D26B-A089-BB26-B4DDA76727DA}.Release|Win32.Build.0 = Release|Win32
		{E6C975B3-D26B-A089-BB26-B4DDA76727DA}.Release|x64.ActiveCfg = Release|x64
		{E6C975B3-D26B-A089-BB26-B4DDA76727DA}.Release|x64.Build.0 = Release|x64
	EndGlobalSection
	GlobalSection(SolutionProperties) = preSolution
		HideSolutionNode = FALSE
	EndGlobalSection
EndGlobal
