<?xml version="1.0" encoding="utf-8"?>
<Project ToolsVersion="4.0" xmlns="http://schemas.microsoft.com/developer/msbuild/2003">
  <ItemGroup>
    <ClCompile Include="Console.cpp">
      <Filter>Console</Filter>
    </ClCompile>
    <ClCompile Include="Fronge.cpp">
      <Filter>Fronge</Filter>
    </ClCompile>
    <ClCompile Include="EventManager.cpp">
      <Filter>EventManager</Filter>
    </ClCompile>
  </ItemGroup>
  <ItemGroup>
    <Filter Include="Console">
      <UniqueIdentifier>{05eff45b-4d30-4455-b77b-5ae49b4c150a}</UniqueIdentifier>
    </Filter>
    <Filter Include="Fronge">
      <UniqueIdentifier>{a531d893-4267-45aa-b8ac-49f2b821f18e}</UniqueIdentifier>
    </Filter>
    <Filter Include="EventManager">
      <UniqueIdentifier>{972e675d-00ad-4424-88e4-cbd8026756d6}</UniqueIdentifier>
    </Filter>
  </ItemGroup>
  <ItemGroup>
    <ClInclude Include="Console.h">
      <Filter>Console</Filter>
    </ClInclude>
    <ClInclude Include="Fronge.h">
      <Filter>Fronge</Filter>
    </ClInclude>
    <ClInclude Include="EventManager.h">
      <Filter>EventManager</Filter>
    </ClInclude>
  </ItemGroup>
</Project>