<?xml version="1.0" encoding="utf-8"?>
<Project ToolsVersion="4.0" xmlns="http://schemas.microsoft.com/developer/msbuild/2003">
  <ItemGroup>
    <ClCompile Include="Console.cpp">
      <Filter>Console</Filter>
    </ClCompile>
    <ClCompile Include="Fronge.cpp">
      <Filter>Fronge</Filter>
    </ClCompile>
    <ClCompile Include="EventManager.cpp">
      <Filter>Events\EventManager</Filter>
    </ClCompile>
    <ClCompile Include="SceneManager.cpp">
      <Filter>SceneManager</Filter>
    </ClCompile>
    <ClCompile Include="Scene.cpp">
      <Filter>Scene</Filter>
    </ClCompile>
    <ClCompile Include="GameObject.cpp">
      <Filter>GameObject</Filter>
    </ClCompile>
    <ClCompile Include="Component.cpp">
      <Filter>Component\Base</Filter>
    </ClCompile>
    <ClCompile Include="Behaviour.cpp">
      <Filter>Component\Behaviour\Base</Filter>
    </ClCompile>
    <ClCompile Include="Renderable.cpp">
      <Filter>Component\Renderable\Base</Filter>
    </ClCompile>
    <ClCompile Include="ResourceManager.cpp">
      <Filter>ResourceManager</Filter>
    </ClCompile>
    <ClCompile Include="Transform.cpp">
      <Filter>Component\Transform</Filter>
    </ClCompile>
    <ClCompile Include="Sprite.cpp">
      <Filter>Component\Renderable\Sprite</Filter>
    </ClCompile>
    <ClCompile Include="Rotator.cpp">
      <Filter>Component\Behaviour\Rotator</Filter>
    </ClCompile>
    <ClCompile Include="Timer.cpp">
      <Filter>Timer</Filter>
    </ClCompile>
    <ClCompile Include="FPSCounter.cpp">
      <Filter>Component\Behaviour\FPSCounter</Filter>
    </ClCompile>
    <ClCompile Include="Text.cpp">
      <Filter>Component\Renderable\Text</Filter>
    </ClCompile>
    <ClCompile Include="..\External\Source\ImGui\imgui.cpp">
      <Filter>ImGui\Source</Filter>
    </ClCompile>
    <ClCompile Include="..\External\Source\ImGui\imgui_demo.cpp">
      <Filter>ImGui\Source</Filter>
    </ClCompile>
    <ClCompile Include="..\External\Source\ImGui\imgui_draw.cpp">
      <Filter>ImGui\Source</Filter>
    </ClCompile>
    <ClCompile Include="..\External\Source\ImGui\imgui_impl_sdl2.cpp">
      <Filter>ImGui\Source</Filter>
    </ClCompile>
    <ClCompile Include="..\External\Source\ImGui\imgui_impl_sdlrenderer2.cpp">
      <Filter>ImGui\Source</Filter>
    </ClCompile>
    <ClCompile Include="..\External\Source\ImGui\imgui_tables.cpp">
      <Filter>ImGui\Source</Filter>
    </ClCompile>
    <ClCompile Include="..\External\Source\ImGui\imgui_widgets.cpp">
      <Filter>ImGui\Source</Filter>
    </ClCompile>
    <ClCompile Include="GUI.cpp">
      <Filter>ImGui\GUI</Filter>
    </ClCompile>
    <ClCompile Include="..\External\Source\ImPlot\implot.cpp">
      <Filter>ImGui\Source</Filter>
    </ClCompile>
    <ClCompile Include="..\External\Source\ImPlot\implot_items.cpp">
      <Filter>ImGui\Source</Filter>
    </ClCompile>
    <ClCompile Include="Plot.cpp">
      <Filter>Component\Behaviour\Plot</Filter>
    </ClCompile>
    <ClCompile Include="Command.cpp">
      <Filter>Command\Base</Filter>
    </ClCompile>
    <ClCompile Include="ButtonInput.cpp">
      <Filter>Events\Input\ButtonInput</Filter>
    </ClCompile>
    <ClCompile Include="GameObjectCommand.cpp">
      <Filter>Command\GameObjectCommand\Base</Filter>
    </ClCompile>
    <ClCompile Include="MoveCommand.cpp">
      <Filter>Command\GameObjectCommand\MoveCommand</Filter>
    </ClCompile>
    <ClCompile Include="InputManager.cpp">
      <Filter>Events\Input\InputManager\Interface</Filter>
    </ClCompile>
    <ClCompile Include="XInput.cpp">
      <Filter>Events\Input\InputManager\Implementations</Filter>
    </ClCompile>
  </ItemGroup>
  <ItemGroup>
    <Filter Include="Console">
      <UniqueIdentifier>{05eff45b-4d30-4455-b77b-5ae49b4c150a}</UniqueIdentifier>
    </Filter>
    <Filter Include="Fronge">
      <UniqueIdentifier>{a531d893-4267-45aa-b8ac-49f2b821f18e}</UniqueIdentifier>
    </Filter>
    <Filter Include="Scene">
      <UniqueIdentifier>{37ae0f73-f61e-46b3-a08e-6219afa194c0}</UniqueIdentifier>
    </Filter>
    <Filter Include="SceneManager">
      <UniqueIdentifier>{dd7d1c3a-5a7f-435c-8f41-25d71d28d334}</UniqueIdentifier>
    </Filter>
    <Filter Include="GameObject">
      <UniqueIdentifier>{ff7889ff-ba96-4bf4-b0ca-0e5866fe2452}</UniqueIdentifier>
    </Filter>
    <Filter Include="Component">
      <UniqueIdentifier>{018443ba-d498-4dd2-94fc-8905eb244220}</UniqueIdentifier>
    </Filter>
    <Filter Include="Component\Base">
      <UniqueIdentifier>{ad11a763-20b9-417e-a297-f6d77e8bec40}</UniqueIdentifier>
    </Filter>
    <Filter Include="Component\Renderable">
      <UniqueIdentifier>{ae8ada6e-8713-4c92-958d-62a5b0ed8edb}</UniqueIdentifier>
    </Filter>
    <Filter Include="Component\Behaviour">
      <UniqueIdentifier>{e53dc83c-2140-42ad-a834-0e12d6207081}</UniqueIdentifier>
    </Filter>
    <Filter Include="Component\Behaviour\Base">
      <UniqueIdentifier>{4b216bfb-9035-4ba7-85ae-516b7d09f766}</UniqueIdentifier>
    </Filter>
    <Filter Include="Component\Renderable\Base">
      <UniqueIdentifier>{d6ac9562-888e-4f50-99c0-d8a22469c159}</UniqueIdentifier>
    </Filter>
    <Filter Include="ResourceManager">
      <UniqueIdentifier>{f7c6e62e-2fed-4791-ba17-ffe27a6e0112}</UniqueIdentifier>
    </Filter>
    <Filter Include="Component\Transform">
      <UniqueIdentifier>{6da2ff1e-9b52-4c79-89f4-d46fafc77461}</UniqueIdentifier>
    </Filter>
    <Filter Include="Component\Renderable\Sprite">
      <UniqueIdentifier>{0efc79a3-9896-4751-b694-df848b0da992}</UniqueIdentifier>
    </Filter>
    <Filter Include="Component\Behaviour\Rotator">
      <UniqueIdentifier>{50083620-8af6-4d2b-be5c-91ad8de34e2e}</UniqueIdentifier>
    </Filter>
    <Filter Include="Timer">
      <UniqueIdentifier>{e9342b3d-7950-41ef-a2f3-c09da678c011}</UniqueIdentifier>
    </Filter>
    <Filter Include="Component\Renderable\Text">
      <UniqueIdentifier>{008497bd-5147-4067-aa87-7f7253e716bd}</UniqueIdentifier>
    </Filter>
    <Filter Include="ImGui">
      <UniqueIdentifier>{353396e0-376e-4165-939e-6c566206b242}</UniqueIdentifier>
    </Filter>
    <Filter Include="ImGui\GUI">
      <UniqueIdentifier>{7e244a65-9991-4e0f-ba4c-8938af1b3e7a}</UniqueIdentifier>
    </Filter>
    <Filter Include="ImGui\Source">
      <UniqueIdentifier>{43f04d5c-5f8e-46bb-8f6f-e67a4aeb1e0d}</UniqueIdentifier>
    </Filter>
    <Filter Include="Component\Behaviour\Plot">
      <UniqueIdentifier>{2b9ad5db-9bce-4518-8315-91ac79aaca4d}</UniqueIdentifier>
    </Filter>
    <Filter Include="Command">
      <UniqueIdentifier>{be5aca59-aee0-40df-969e-fb5757bc3dde}</UniqueIdentifier>
    </Filter>
    <Filter Include="Command\Base">
      <UniqueIdentifier>{74775c7b-09b0-404c-a741-3ce97a0afcb5}</UniqueIdentifier>
    </Filter>
    <Filter Include="Events">
      <UniqueIdentifier>{9904007b-9c93-42cd-bd8e-331968d391dd}</UniqueIdentifier>
    </Filter>
    <Filter Include="Events\EventManager">
      <UniqueIdentifier>{972e675d-00ad-4424-88e4-cbd8026756d6}</UniqueIdentifier>
    </Filter>
    <Filter Include="Events\Input">
      <UniqueIdentifier>{308e9dee-9252-47a2-b1a7-eb64b4d5e6e4}</UniqueIdentifier>
    </Filter>
    <Filter Include="Events\Input\InputManager">
      <UniqueIdentifier>{9fa8d36a-2283-4253-8601-b7a7eeb17527}</UniqueIdentifier>
    </Filter>
    <Filter Include="Command\GameObjectCommand">
      <UniqueIdentifier>{67d36914-0c7b-456d-b269-1688232ff165}</UniqueIdentifier>
    </Filter>
    <Filter Include="Command\GameObjectCommand\Base">
      <UniqueIdentifier>{7d607c10-f242-4e17-982f-cc6ad522abe7}</UniqueIdentifier>
    </Filter>
    <Filter Include="Command\GameObjectCommand\MoveCommand">
      <UniqueIdentifier>{29115244-a906-48f5-b522-5107c6fcf93a}</UniqueIdentifier>
    </Filter>
    <Filter Include="Component\Behaviour\FPSCounter">
      <UniqueIdentifier>{a8356578-323f-400d-a11e-6b150e08c959}</UniqueIdentifier>
    </Filter>
    <Filter Include="Events\Input\ButtonInput">
      <UniqueIdentifier>{d12a0d13-219f-4226-8e8c-2e1d742a4edf}</UniqueIdentifier>
    </Filter>
    <Filter Include="Events\Input\InputManager\Interface">
      <UniqueIdentifier>{b4f97f11-3edd-4a1a-b763-155c8e61495e}</UniqueIdentifier>
    </Filter>
    <Filter Include="Events\Input\InputManager\Implementations">
      <UniqueIdentifier>{5a36b74e-3164-4bd1-b7d6-916d1455a13f}</UniqueIdentifier>
    </Filter>
  </ItemGroup>
  <ItemGroup>
    <ClInclude Include="Console.h">
      <Filter>Console</Filter>
    </ClInclude>
    <ClInclude Include="Fronge.h">
      <Filter>Fronge</Filter>
    </ClInclude>
    <ClInclude Include="EventManager.h">
      <Filter>Events\EventManager</Filter>
    </ClInclude>
    <ClInclude Include="SceneManager.h">
      <Filter>SceneManager</Filter>
    </ClInclude>
    <ClInclude Include="Scene.h">
      <Filter>Scene</Filter>
    </ClInclude>
    <ClInclude Include="GameObject.h">
      <Filter>GameObject</Filter>
    </ClInclude>
    <ClInclude Include="Component.h">
      <Filter>Component\Base</Filter>
    </ClInclude>
    <ClInclude Include="Behaviour.h">
      <Filter>Component\Behaviour\Base</Filter>
    </ClInclude>
    <ClInclude Include="Renderable.h">
      <Filter>Component\Renderable\Base</Filter>
    </ClInclude>
    <ClInclude Include="Defines.hpp" />
    <ClInclude Include="ResourceManager.h">
      <Filter>ResourceManager</Filter>
    </ClInclude>
    <ClInclude Include="Transform.h">
      <Filter>Component\Transform</Filter>
    </ClInclude>
    <ClInclude Include="Sprite.h">
      <Filter>Component\Renderable\Sprite</Filter>
    </ClInclude>
    <ClInclude Include="Rotator.h">
      <Filter>Component\Behaviour\Rotator</Filter>
    </ClInclude>
    <ClInclude Include="Timer.h">
      <Filter>Timer</Filter>
    </ClInclude>
    <ClInclude Include="FPSCounter.h">
      <Filter>Component\Behaviour\FPSCounter</Filter>
    </ClInclude>
    <ClInclude Include="Text.h">
      <Filter>Component\Renderable\Text</Filter>
    </ClInclude>
    <ClInclude Include="GUI.h">
      <Filter>ImGui\GUI</Filter>
    </ClInclude>
    <ClInclude Include="Plot.h">
      <Filter>Component\Behaviour\Plot</Filter>
    </ClInclude>
    <ClInclude Include="DirtyData.hpp" />
    <ClInclude Include="Command.h">
      <Filter>Command\Base</Filter>
    </ClInclude>
    <ClInclude Include="ButtonInput.h">
      <Filter>Events\Input\ButtonInput</Filter>
    </ClInclude>
    <ClInclude Include="GameObjectCommand.h">
      <Filter>Command\GameObjectCommand\Base</Filter>
    </ClInclude>
    <ClInclude Include="MoveCommand.h">
      <Filter>Command\GameObjectCommand\MoveCommand</Filter>
    </ClInclude>
    <ClInclude Include="InputManager.h">
      <Filter>Events\Input\InputManager\Interface</Filter>
    </ClInclude>
  </ItemGroup>
</Project>