<?xml version="1.0" encoding="utf-8"?>
<Project ToolsVersion="4.0" xmlns="http://schemas.microsoft.com/developer/msbuild/2003">
  <ItemGroup>
    <ClCompile Include="Code\GridMovement.cpp">
      <Filter>GridMovement</Filter>
    </ClCompile>
    <ClCompile Include="Code\MoveState.cpp">
      <Filter>DigDug\States\MoveState</Filter>
    </ClCompile>
    <ClCompile Include="Code\IdleState.cpp">
      <Filter>DigDug\States\IdleState</Filter>
    </ClCompile>
    <ClCompile Include="Code\AttackState.cpp">
      <Filter>DigDug\States\AttackState</Filter>
    </ClCompile>
    <ClCompile Include="Code\PumpState.cpp">
      <Filter>DigDug\States\PumpState</Filter>
    </ClCompile>
    <ClCompile Include="Code\Main.cpp" />
    <ClCompile Include="Code\MovementRotation.cpp">
      <Filter>DigDug\MoveRotation</Filter>
    </ClCompile>
  </ItemGroup>
  <ItemGroup>
    <Filter Include="GridMovement">
      <UniqueIdentifier>{3c63623a-fc5c-4d52-83e0-fb7d85628ae7}</UniqueIdentifier>
    </Filter>
    <Filter Include="DigDug">
      <UniqueIdentifier>{ec5dce12-b146-4705-ae80-79b8420ecaa8}</UniqueIdentifier>
    </Filter>
    <Filter Include="DigDug\States">
      <UniqueIdentifier>{7d7d34dd-a29d-47f0-9dea-1dbd7155a7c8}</UniqueIdentifier>
    </Filter>
    <Filter Include="DigDug\States\MoveState">
      <UniqueIdentifier>{d1c71a38-158f-475d-9203-2e3af9838604}</UniqueIdentifier>
    </Filter>
    <Filter Include="DigDug\States\IdleState">
      <UniqueIdentifier>{08eeca2f-5982-4be9-8c22-79ea5dce4e12}</UniqueIdentifier>
    </Filter>
    <Filter Include="DigDug\States\AttackState">
      <UniqueIdentifier>{e5cabd9b-220f-49f1-bad6-0f8e416a5540}</UniqueIdentifier>
    </Filter>
    <Filter Include="DigDug\States\PumpState">
      <UniqueIdentifier>{63fe9360-79c4-4bc1-b409-e7f4058f70de}</UniqueIdentifier>
    </Filter>
    <Filter Include="DigDug\MoveRotation">
      <UniqueIdentifier>{25a7fd70-ed12-4a15-9eca-168d08dd891a}</UniqueIdentifier>
    </Filter>
  </ItemGroup>
  <ItemGroup>
    <ClInclude Include="Code\GridMovement.h">
      <Filter>GridMovement</Filter>
    </ClInclude>
    <ClInclude Include="Code\MoveState.h">
      <Filter>DigDug\States\MoveState</Filter>
    </ClInclude>
    <ClInclude Include="Code\IdleState.h">
      <Filter>DigDug\States\IdleState</Filter>
    </ClInclude>
    <ClInclude Include="Code\AttackState.h">
      <Filter>DigDug\States\AttackState</Filter>
    </ClInclude>
    <ClInclude Include="Code\PumpState.h">
      <Filter>DigDug\States\PumpState</Filter>
    </ClInclude>
    <ClInclude Include="Code\MovementRotation.h">
      <Filter>DigDug\MoveRotation</Filter>
    </ClInclude>
  </ItemGroup>
</Project>