<?xml version="1.0" encoding="utf-8"?>
<Project ToolsVersion="4.0" xmlns="http://schemas.microsoft.com/developer/msbuild/2003">
  <ItemGroup>
    <ClCompile Include="Source\Behaviour.cpp">
      <Filter>Component\Behaviour\Base</Filter>
    </ClCompile>
    <ClCompile Include="Source\Component.cpp">
      <Filter>Component\Base</Filter>
    </ClCompile>
    <ClCompile Include="Source\FPSCounter.cpp">
      <Filter>Component\Behaviour\FPSCounter</Filter>
    </ClCompile>
    <ClCompile Include="Source\Fronge.cpp">
      <Filter>Fronge</Filter>
    </ClCompile>
    <ClCompile Include="Source\GameObject.cpp">
      <Filter>GameObject</Filter>
    </ClCompile>
    <ClCompile Include="Source\GUI.cpp">
      <Filter>Component\GUI\Base</Filter>
    </ClCompile>
    <ClCompile Include="Source\Plot.cpp">
      <Filter>Component\GUI\Plot</Filter>
    </ClCompile>
    <ClCompile Include="Source\Renderable.cpp">
      <Filter>Component\Renderable\Base</Filter>
    </ClCompile>
    <ClCompile Include="Source\RenderContext.cpp">
      <Filter>Systems\RenderContext</Filter>
    </ClCompile>
    <ClCompile Include="Source\ResourceManager.cpp">
      <Filter>Systems\ResourceManager</Filter>
    </ClCompile>
    <ClCompile Include="Source\Rotator.cpp">
      <Filter>Component\Behaviour\Rotator</Filter>
    </ClCompile>
    <ClCompile Include="Source\Scene.cpp">
      <Filter>Scene</Filter>
    </ClCompile>
    <ClCompile Include="Source\SceneManager.cpp">
      <Filter>Systems\SceneManager</Filter>
    </ClCompile>
    <ClCompile Include="Source\Sprite.cpp">
      <Filter>Component\Renderable\Sprite</Filter>
    </ClCompile>
    <ClCompile Include="Source\Steam.cpp">
      <Filter>Systems\Steam</Filter>
    </ClCompile>
    <ClCompile Include="Source\SystemEventManager.cpp">
      <Filter>Systems\SystemEventManager</Filter>
    </ClCompile>
    <ClCompile Include="Source\Text.cpp">
      <Filter>Component\Renderable\Text</Filter>
    </ClCompile>
    <ClCompile Include="Source\Transform.cpp">
      <Filter>Component\Transform</Filter>
    </ClCompile>
    <ClCompile Include="Source\AudioService.cpp">
      <Filter>Systems\Services &amp; Providers\Services\Audio</Filter>
    </ClCompile>
    <ClCompile Include="Source\AudioSDL.cpp">
      <Filter>Systems\Services &amp; Providers\Providers\Audio\AudioSDL</Filter>
    </ClCompile>
    <ClCompile Include="Source\GUIContext.cpp">
      <Filter>Systems\GUIContext</Filter>
    </ClCompile>
    <ClCompile Include="Source\PhysicsManager.cpp">
      <Filter>Systems\PhysicsManager</Filter>
    </ClCompile>
    <ClCompile Include="Source\GameObjectCommand.cpp">
      <Filter>GameObjectCommand</Filter>
    </ClCompile>
    <ClCompile Include="Source\TransformationMatrix2D.cpp">
      <Filter>TransformationMatrix2D</Filter>
    </ClCompile>
    <ClCompile Include="Source\InputManager.cpp">
      <Filter>Systems\InputManager</Filter>
    </ClCompile>
    <ClCompile Include="Source\SpriteAnimator.cpp">
      <Filter>Component\Renderable\SpriteAnimator</Filter>
    </ClCompile>
    <ClCompile Include="Source\StateMachine.cpp">
      <Filter>Component\Behaviour\StateMachine</Filter>
    </ClCompile>
    <ClCompile Include="Source\State.cpp">
      <Filter>Patterns\State</Filter>
    </ClCompile>
    <ClCompile Include="Source\FixedBehaviour.cpp">
      <Filter>Component\FixedBehaviour\Base</Filter>
    </ClCompile>
    <ClCompile Include="Source\RigidBody.cpp">
      <Filter>Component\FixedBehaviour\RigidBody</Filter>
    </ClCompile>
    <ClCompile Include="Source\BaseReferencable.cpp">
      <Filter>References\BaseReferencable</Filter>
    </ClCompile>
    <ClCompile Include="Source\BaseReference.cpp">
      <Filter>References\BaseReference</Filter>
    </ClCompile>
  </ItemGroup>
  <ItemGroup>
    <Filter Include="Scene">
      <UniqueIdentifier>{37ae0f73-f61e-46b3-a08e-6219afa194c0}</UniqueIdentifier>
    </Filter>
    <Filter Include="Systems">
      <UniqueIdentifier>{155d828d-df90-4d40-a913-23871868d0bb}</UniqueIdentifier>
    </Filter>
    <Filter Include="Systems\ResourceManager">
      <UniqueIdentifier>{f7c6e62e-2fed-4791-ba17-ffe27a6e0112}</UniqueIdentifier>
    </Filter>
    <Filter Include="Systems\RenderContext">
      <UniqueIdentifier>{74339848-40df-485b-a7ef-4268d48cfdf0}</UniqueIdentifier>
    </Filter>
    <Filter Include="Systems\Steam">
      <UniqueIdentifier>{a32450b7-13d1-44c7-9aab-eeb66c40a6ea}</UniqueIdentifier>
    </Filter>
    <Filter Include="Systems\InputManager">
      <UniqueIdentifier>{9fa8d36a-2283-4253-8601-b7a7eeb17527}</UniqueIdentifier>
    </Filter>
    <Filter Include="Systems\SceneManager">
      <UniqueIdentifier>{dd7d1c3a-5a7f-435c-8f41-25d71d28d334}</UniqueIdentifier>
    </Filter>
    <Filter Include="Patterns">
      <UniqueIdentifier>{7f36bc53-0626-4a8e-b92f-ad7e20509d61}</UniqueIdentifier>
    </Filter>
    <Filter Include="Fronge">
      <UniqueIdentifier>{a531d893-4267-45aa-b8ac-49f2b821f18e}</UniqueIdentifier>
    </Filter>
    <Filter Include="GameObject">
      <UniqueIdentifier>{ff7889ff-ba96-4bf4-b0ca-0e5866fe2452}</UniqueIdentifier>
    </Filter>
    <Filter Include="Component">
      <UniqueIdentifier>{018443ba-d498-4dd2-94fc-8905eb244220}</UniqueIdentifier>
    </Filter>
    <Filter Include="Component\Base">
      <UniqueIdentifier>{ad11a763-20b9-417e-a297-f6d77e8bec40}</UniqueIdentifier>
    </Filter>
    <Filter Include="Component\Behaviour">
      <UniqueIdentifier>{e53dc83c-2140-42ad-a834-0e12d6207081}</UniqueIdentifier>
    </Filter>
    <Filter Include="Component\Behaviour\Base">
      <UniqueIdentifier>{4b216bfb-9035-4ba7-85ae-516b7d09f766}</UniqueIdentifier>
    </Filter>
    <Filter Include="Component\Behaviour\Rotator">
      <UniqueIdentifier>{50083620-8af6-4d2b-be5c-91ad8de34e2e}</UniqueIdentifier>
    </Filter>
    <Filter Include="Component\Behaviour\FPSCounter">
      <UniqueIdentifier>{a8356578-323f-400d-a11e-6b150e08c959}</UniqueIdentifier>
    </Filter>
    <Filter Include="Component\Transform">
      <UniqueIdentifier>{6da2ff1e-9b52-4c79-89f4-d46fafc77461}</UniqueIdentifier>
    </Filter>
    <Filter Include="Component\Renderable">
      <UniqueIdentifier>{571b0beb-7504-4242-828b-509c292d8279}</UniqueIdentifier>
    </Filter>
    <Filter Include="Component\Renderable\Base">
      <UniqueIdentifier>{cbe8d778-488c-46ff-8663-71cde373bfc4}</UniqueIdentifier>
    </Filter>
    <Filter Include="Component\Renderable\Sprite">
      <UniqueIdentifier>{0efc79a3-9896-4751-b694-df848b0da992}</UniqueIdentifier>
    </Filter>
    <Filter Include="Component\Renderable\Text">
      <UniqueIdentifier>{008497bd-5147-4067-aa87-7f7253e716bd}</UniqueIdentifier>
    </Filter>
    <Filter Include="Component\GUI">
      <UniqueIdentifier>{1b4dd215-c1c3-45ac-9063-af34a90cd77f}</UniqueIdentifier>
    </Filter>
    <Filter Include="Component\GUI\Base">
      <UniqueIdentifier>{453d8bb9-ce44-4c87-a5c8-6247289dd327}</UniqueIdentifier>
    </Filter>
    <Filter Include="Component\GUI\Plot">
      <UniqueIdentifier>{2b9ad5db-9bce-4518-8315-91ac79aaca4d}</UniqueIdentifier>
    </Filter>
    <Filter Include="Systems\GUIContext">
      <UniqueIdentifier>{7e244a65-9991-4e0f-ba4c-8938af1b3e7a}</UniqueIdentifier>
    </Filter>
    <Filter Include="Systems\SystemEventManager">
      <UniqueIdentifier>{972e675d-00ad-4424-88e4-cbd8026756d6}</UniqueIdentifier>
    </Filter>
    <Filter Include="GameObjectCommand">
      <UniqueIdentifier>{67d36914-0c7b-456d-b269-1688232ff165}</UniqueIdentifier>
    </Filter>
    <Filter Include="Systems\Services &amp; Providers">
      <UniqueIdentifier>{7e9300c5-0fe9-41c2-a62b-c4d3607cbd4f}</UniqueIdentifier>
    </Filter>
    <Filter Include="Systems\Services &amp; Providers\Services">
      <UniqueIdentifier>{c61c17a8-d3c8-4d37-8064-087449cf625c}</UniqueIdentifier>
    </Filter>
    <Filter Include="Systems\Services &amp; Providers\Providers">
      <UniqueIdentifier>{36330c0e-23a5-410b-8f90-6853c2ee39fb}</UniqueIdentifier>
    </Filter>
    <Filter Include="Systems\Services &amp; Providers\Providers\Audio">
      <UniqueIdentifier>{7c108532-6705-442b-8e58-1e08aeaadd52}</UniqueIdentifier>
    </Filter>
    <Filter Include="Systems\Services &amp; Providers\Providers\Audio\AudioSDL">
      <UniqueIdentifier>{0e2013f2-ca76-4775-87e3-1b219c8b8478}</UniqueIdentifier>
    </Filter>
    <Filter Include="Systems\Services &amp; Providers\Services\Audio">
      <UniqueIdentifier>{18779ffc-38dc-4e95-bf4e-e335f0af45cb}</UniqueIdentifier>
    </Filter>
    <Filter Include="Systems\PhysicsManager">
      <UniqueIdentifier>{e6e6d8f8-cee2-4d77-ac8c-38fdb15c7a22}</UniqueIdentifier>
    </Filter>
    <Filter Include="TransformationMatrix2D">
      <UniqueIdentifier>{38362cf2-1624-40b0-8814-67def0914a1b}</UniqueIdentifier>
    </Filter>
    <Filter Include="Component\Renderable\SpriteAnimator">
      <UniqueIdentifier>{1bbc9091-e000-40ce-8b63-ca959222dc7e}</UniqueIdentifier>
    </Filter>
    <Filter Include="Component\Behaviour\StateMachine">
      <UniqueIdentifier>{e5a9e2ad-78ab-4254-9310-1cefd801299e}</UniqueIdentifier>
    </Filter>
    <Filter Include="Patterns\State">
      <UniqueIdentifier>{1bdc4913-7ced-47a9-b2a7-450d2ea1c641}</UniqueIdentifier>
    </Filter>
    <Filter Include="Component\FixedBehaviour">
      <UniqueIdentifier>{9bddbe27-b749-4680-9825-fae2a1b4c940}</UniqueIdentifier>
    </Filter>
    <Filter Include="Component\FixedBehaviour\Base">
      <UniqueIdentifier>{e26f72d7-bd40-44a9-aca5-7593470073a0}</UniqueIdentifier>
    </Filter>
    <Filter Include="Component\FixedBehaviour\RigidBody">
      <UniqueIdentifier>{c276c9bf-78d3-45f4-a4f2-bb46fd33d9e2}</UniqueIdentifier>
    </Filter>
    <Filter Include="References">
      <UniqueIdentifier>{f64124f3-a998-4c7e-93da-c126aa272f44}</UniqueIdentifier>
    </Filter>
    <Filter Include="References\BaseReferencable">
      <UniqueIdentifier>{012615a0-bc53-418a-9b95-662f497d0df9}</UniqueIdentifier>
    </Filter>
    <Filter Include="References\BaseReference">
      <UniqueIdentifier>{252e9025-8448-485c-addb-a0d235aedf4d}</UniqueIdentifier>
    </Filter>
  </ItemGroup>
  <ItemGroup>
    <ClInclude Include="Include\Defines.hpp" />
    <ClInclude Include="Include\Behaviour.h">
      <Filter>Component\Behaviour\Base</Filter>
    </ClInclude>
    <ClInclude Include="Include\Component.h">
      <Filter>Component\Base</Filter>
    </ClInclude>
    <ClInclude Include="Include\DirtyData.hpp">
      <Filter>Patterns</Filter>
    </ClInclude>
    <ClInclude Include="Include\Event.hpp">
      <Filter>Patterns</Filter>
    </ClInclude>
    <ClInclude Include="Include\FPSCounter.h">
      <Filter>Component\Behaviour\FPSCounter</Filter>
    </ClInclude>
    <ClInclude Include="Include\Fronge.h">
      <Filter>Fronge</Filter>
    </ClInclude>
    <ClInclude Include="Include\GameObject.h">
      <Filter>GameObject</Filter>
    </ClInclude>
    <ClInclude Include="Include\GUI.h">
      <Filter>Component\GUI\Base</Filter>
    </ClInclude>
    <ClInclude Include="Include\Plot.h">
      <Filter>Component\GUI\Plot</Filter>
    </ClInclude>
    <ClInclude Include="Include\Renderable.h">
      <Filter>Component\Renderable\Base</Filter>
    </ClInclude>
    <ClInclude Include="Include\RenderContext.h">
      <Filter>Systems\RenderContext</Filter>
    </ClInclude>
    <ClInclude Include="Include\ResourceManager.h">
      <Filter>Systems\ResourceManager</Filter>
    </ClInclude>
    <ClInclude Include="Include\Rotator.h">
      <Filter>Component\Behaviour\Rotator</Filter>
    </ClInclude>
    <ClInclude Include="Include\Scene.h">
      <Filter>Scene</Filter>
    </ClInclude>
    <ClInclude Include="Include\SceneManager.h">
      <Filter>Systems\SceneManager</Filter>
    </ClInclude>
    <ClInclude Include="Include\Singleton.hpp">
      <Filter>Patterns</Filter>
    </ClInclude>
    <ClInclude Include="Include\Sprite.h">
      <Filter>Component\Renderable\Sprite</Filter>
    </ClInclude>
    <ClInclude Include="Include\Steam.h">
      <Filter>Systems\Steam</Filter>
    </ClInclude>
    <ClInclude Include="Include\SystemEventManager.h">
      <Filter>Systems\SystemEventManager</Filter>
    </ClInclude>
    <ClInclude Include="Include\Text.h">
      <Filter>Component\Renderable\Text</Filter>
    </ClInclude>
    <ClInclude Include="Include\Transform.h">
      <Filter>Component\Transform</Filter>
    </ClInclude>
    <ClInclude Include="Include\EventQueue.hpp">
      <Filter>Patterns</Filter>
    </ClInclude>
    <ClInclude Include="Include\Command.hpp">
      <Filter>Patterns</Filter>
    </ClInclude>
    <ClInclude Include="Include\ServiceLocator.hpp">
      <Filter>Patterns</Filter>
    </ClInclude>
    <ClInclude Include="Include\AudioService.h">
      <Filter>Systems\Services &amp; Providers\Services\Audio</Filter>
    </ClInclude>
    <ClInclude Include="Include\AudioSDL.h">
      <Filter>Systems\Services &amp; Providers\Providers\Audio\AudioSDL</Filter>
    </ClInclude>
    <ClInclude Include="Include\Console.hpp">
      <Filter>Systems</Filter>
    </ClInclude>
    <ClInclude Include="Include\Typenames.hpp" />
    <ClInclude Include="Include\GUIContext.h">
      <Filter>Systems\GUIContext</Filter>
    </ClInclude>
    <ClInclude Include="Include\PhysicsManager.h">
      <Filter>Systems\PhysicsManager</Filter>
    </ClInclude>
    <ClInclude Include="Include\GameObjectCommand.h">
      <Filter>GameObjectCommand</Filter>
    </ClInclude>
    <ClInclude Include="Include\TransformationMatrix2D.h">
      <Filter>TransformationMatrix2D</Filter>
    </ClInclude>
    <ClInclude Include="Include\InputManager.h">
      <Filter>Systems\InputManager</Filter>
    </ClInclude>
    <ClInclude Include="Include\SpriteAnimator.h">
      <Filter>Component\Renderable\SpriteAnimator</Filter>
    </ClInclude>
    <ClInclude Include="Include\StateMachine.h">
      <Filter>Component\Behaviour\StateMachine</Filter>
    </ClInclude>
    <ClInclude Include="Include\State.h">
      <Filter>Patterns\State</Filter>
    </ClInclude>
    <ClInclude Include="Include\FixedBehaviour.h">
      <Filter>Component\FixedBehaviour\Base</Filter>
    </ClInclude>
    <ClInclude Include="Include\RigidBody.h">
      <Filter>Component\FixedBehaviour\RigidBody</Filter>
    </ClInclude>
    <ClInclude Include="Include\Reference.hpp">
      <Filter>References</Filter>
    </ClInclude>
    <ClInclude Include="Include\Referencable.hpp">
      <Filter>References</Filter>
    </ClInclude>
    <ClInclude Include="Include\BaseReferencable.h">
      <Filter>References\BaseReferencable</Filter>
    </ClInclude>
    <ClInclude Include="Include\BaseReference.h">
      <Filter>References\BaseReference</Filter>
    </ClInclude>
  </ItemGroup>
</Project>